
Microsoft Visual Studio Solution File, Format Version 12.00
# Visual Studio 15
VisualStudioVersion = 15.0.28010.2003
MinimumVisualStudioVersion = 10.0.40219.1
Project("{9A19103F-16F7-4668-BE54-9A1E7A4F7556}") = "FirstCoreApp", "FirstCoreApp\FirstCoreApp.csproj", "{C91496EF-ACFA-4078-A7A9-12E2B914256A}"
EndProject
Project("{9A19103F-16F7-4668-BE54-9A1E7A4F7556}") = "CoreConsole", "CoreConsole\CoreConsole.csproj", "{BA8A1DB0-1EFA-4BB1-AC82-E9F3DA043A37}"
EndProject
Project("{FAE04EC0-301F-11D3-BF4B-00C04F79EFBC}") = "FirstCore.UnitTests", "FirstCore.UnitTests\FirstCore.UnitTests.csproj", "{174464F2-BD0F-4105-9C34-51ECEE70F27F}"
EndProject
Global
	GlobalSection(SolutionConfigurationPlatforms) = preSolution
		Debug|Any CPU = Debug|Any CPU
		Release|Any CPU = Release|Any CPU
	EndGlobalSection
	GlobalSection(ProjectConfigurationPlatforms) = postSolution
		{C91496EF-ACFA-4078-A7A9-12E2B914256A}.Debug|Any CPU.ActiveCfg = Debug|Any CPU
		{C91496EF-ACFA-4078-A7A9-12E2B914256A}.Debug|Any CPU.Build.0 = Debug|Any CPU
		{C91496EF-ACFA-4078-A7A9-12E2B914256A}.Release|Any CPU.ActiveCfg = Release|Any CPU
		{C91496EF-ACFA-4078-A7A9-12E2B914256A}.Release|Any CPU.Build.0 = Release|Any CPU
		{BA8A1DB0-1EFA-4BB1-AC82-E9F3DA043A37}.Debug|Any CPU.ActiveCfg = Debug|Any CPU
		{BA8A1DB0-1EFA-4BB1-AC82-E9F3DA043A37}.Debug|Any CPU.Build.0 = Debug|Any CPU
		{BA8A1DB0-1EFA-4BB1-AC82-E9F3DA043A37}.Release|Any CPU.ActiveCfg = Release|Any CPU
		{BA8A1DB0-1EFA-4BB1-AC82-E9F3DA043A37}.Release|Any CPU.Build.0 = Release|Any CPU
		{174464F2-BD0F-4105-9C34-51ECEE70F27F}.Debug|Any CPU.ActiveCfg = Debug|Any CPU
		{174464F2-BD0F-4105-9C34-51ECEE70F27F}.Debug|Any CPU.Build.0 = Debug|Any CPU
		{174464F2-BD0F-4105-9C34-51ECEE70F27F}.Release|Any CPU.ActiveCfg = Release|Any CPU
		{174464F2-BD0F-4105-9C34-51ECEE70F27F}.Release|Any CPU.Build.0 = Release|Any CPU
	EndGlobalSection
	GlobalSection(SolutionProperties) = preSolution
		HideSolutionNode = FALSE
	EndGlobalSection
	GlobalSection(ExtensibilityGlobals) = postSolution
		SolutionGuid = {0CFDA301-4B4A-46D3-A03E-3589C6EFE632}
	EndGlobalSection
EndGlobal
